
Microsoft Visual Studio Solution File, Format Version 12.00
# Visual Studio Version 16
VisualStudioVersion = 16.0.30114.105
MinimumVisualStudioVersion = 10.0.40219.1
Project("{8BC9CEB8-8B4A-11D0-8D11-00A0C91BC942}") = "NodeMsPassport", "NodeMsPassport\NodeMsPassport.vcxproj", "{DF5A5451-48E4-4325-A303-6D20A63F6D9F}"
EndProject
Project("{FAE04EC0-301F-11D3-BF4B-00C04F79EFBC}") = "CSNodeMsPassport", "CSNodeMsPassport\CSNodeMsPassport.csproj", "{0F6C57B0-B9F6-427E-B6E0-5B8F69A302F0}"
EndProject
Project("{FAE04EC0-301F-11D3-BF4B-00C04F79EFBC}") = "GacInstaller", "GacInstaller\GacInstaller.csproj", "{1342AB58-F86D-46B8-B5A7-BF66A963F4E7}"
EndProject
Global
	GlobalSection(SolutionConfigurationPlatforms) = preSolution
		Debug|Any CPU = Debug|Any CPU
		Debug|x64 = Debug|x64
		Debug|x86 = Debug|x86
		Release|Any CPU = Release|Any CPU
		Release|x64 = Release|x64
		Release|x86 = Release|x86
	EndGlobalSection
	GlobalSection(ProjectConfigurationPlatforms) = postSolution
		{DF5A5451-48E4-4325-A303-6D20A63F6D9F}.Debug|Any CPU.ActiveCfg = Debug|Win32
		{DF5A5451-48E4-4325-A303-6D20A63F6D9F}.Debug|x64.ActiveCfg = Debug|x64
		{DF5A5451-48E4-4325-A303-6D20A63F6D9F}.Debug|x64.Build.0 = Debug|x64
		{DF5A5451-48E4-4325-A303-6D20A63F6D9F}.Debug|x86.ActiveCfg = Debug|Win32
		{DF5A5451-48E4-4325-A303-6D20A63F6D9F}.Debug|x86.Build.0 = Debug|Win32
		{DF5A5451-48E4-4325-A303-6D20A63F6D9F}.Release|Any CPU.ActiveCfg = Release|Win32
		{DF5A5451-48E4-4325-A303-6D20A63F6D9F}.Release|x64.ActiveCfg = Release|x64
		{DF5A5451-48E4-4325-A303-6D20A63F6D9F}.Release|x64.Build.0 = Release|x64
		{DF5A5451-48E4-4325-A303-6D20A63F6D9F}.Release|x86.ActiveCfg = Release|Win32
		{DF5A5451-48E4-4325-A303-6D20A63F6D9F}.Release|x86.Build.0 = Release|Win32
		{0F6C57B0-B9F6-427E-B6E0-5B8F69A302F0}.Debug|Any CPU.ActiveCfg = Debug|Any CPU
		{0F6C57B0-B9F6-427E-B6E0-5B8F69A302F0}.Debug|Any CPU.Build.0 = Debug|Any CPU
		{0F6C57B0-B9F6-427E-B6E0-5B8F69A302F0}.Debug|x64.ActiveCfg = Debug|Any CPU
		{0F6C57B0-B9F6-427E-B6E0-5B8F69A302F0}.Debug|x64.Build.0 = Debug|Any CPU
		{0F6C57B0-B9F6-427E-B6E0-5B8F69A302F0}.Debug|x86.ActiveCfg = Debug|Any CPU
		{0F6C57B0-B9F6-427E-B6E0-5B8F69A302F0}.Debug|x86.Build.0 = Debug|Any CPU
		{0F6C57B0-B9F6-427E-B6E0-5B8F69A302F0}.Release|Any CPU.ActiveCfg = Release|Any CPU
		{0F6C57B0-B9F6-427E-B6E0-5B8F69A302F0}.Release|Any CPU.Build.0 = Release|Any CPU
		{0F6C57B0-B9F6-427E-B6E0-5B8F69A302F0}.Release|x64.ActiveCfg = Release|Any CPU
		{0F6C57B0-B9F6-427E-B6E0-5B8F69A302F0}.Release|x64.Build.0 = Release|Any CPU
		{0F6C57B0-B9F6-427E-B6E0-5B8F69A302F0}.Release|x86.ActiveCfg = Release|Any CPU
		{0F6C57B0-B9F6-427E-B6E0-5B8F69A302F0}.Release|x86.Build.0 = Release|Any CPU
		{1342AB58-F86D-46B8-B5A7-BF66A963F4E7}.Debug|Any CPU.ActiveCfg = Debug|Any CPU
		{1342AB58-F86D-46B8-B5A7-BF66A963F4E7}.Debug|Any CPU.Build.0 = Debug|Any CPU
		{1342AB58-F86D-46B8-B5A7-BF66A963F4E7}.Debug|x64.ActiveCfg = Debug|Any CPU
		{1342AB58-F86D-46B8-B5A7-BF66A963F4E7}.Debug|x64.Build.0 = Debug|Any CPU
		{1342AB58-F86D-46B8-B5A7-BF66A963F4E7}.Debug|x86.ActiveCfg = Debug|Any CPU
		{1342AB58-F86D-46B8-B5A7-BF66A963F4E7}.Debug|x86.Build.0 = Debug|Any CPU
		{1342AB58-F86D-46B8-B5A7-BF66A963F4E7}.Release|Any CPU.ActiveCfg = Release|Any CPU
		{1342AB58-F86D-46B8-B5A7-BF66A963F4E7}.Release|Any CPU.Build.0 = Release|Any CPU
		{1342AB58-F86D-46B8-B5A7-BF66A963F4E7}.Release|x64.ActiveCfg = Release|Any CPU
		{1342AB58-F86D-46B8-B5A7-BF66A963F4E7}.Release|x64.Build.0 = Release|Any CPU
		{1342AB58-F86D-46B8-B5A7-BF66A963F4E7}.Release|x86.ActiveCfg = Release|Any CPU
		{1342AB58-F86D-46B8-B5A7-BF66A963F4E7}.Release|x86.Build.0 = Release|Any CPU
	EndGlobalSection
	GlobalSection(SolutionProperties) = preSolution
		HideSolutionNode = FALSE
	EndGlobalSection
	GlobalSection(ExtensibilityGlobals) = postSolution
		SolutionGuid = {3EFE0A5A-AB11-4C1C-8BA0-B57C3C6CABF1}
	EndGlobalSection
EndGlobal
